
Microsoft Visual Studio Solution File, Format Version 12.00
# Visual Studio Version 17
VisualStudioVersion = 17.7.34024.191
MinimumVisualStudioVersion = 10.0.40219.1
Project("{C9674DCB-5085-4A16-B785-4C70DD1589BD}") = "Populating CarRepairShop DW", "Populating CarRepairShop DW\Populating CarRepairShop DW.dtproj", "{8DAC9341-00A6-49A6-ACE2-56B4741D338B}"
EndProject
Global
	GlobalSection(SolutionConfigurationPlatforms) = preSolution
		Development|Default = Development|Default
	EndGlobalSection
	GlobalSection(ProjectConfigurationPlatforms) = postSolution
		{8DAC9341-00A6-49A6-ACE2-56B4741D338B}.Development|Default.ActiveCfg = Development
		{8DAC9341-00A6-49A6-ACE2-56B4741D338B}.Development|Default.Build.0 = Development
	EndGlobalSection
	GlobalSection(SolutionProperties) = preSolution
		HideSolutionNode = FALSE
	EndGlobalSection
	GlobalSection(ExtensibilityGlobals) = postSolution
		SolutionGuid = {A73E477D-0E25-4338-AC84-629D6124611B}
	EndGlobalSection
EndGlobal
